
Microsoft Visual Studio Solution File, Format Version 12.00
# Visual Studio Version 17
VisualStudioVersion = 17.4.33122.133
MinimumVisualStudioVersion = 10.0.40219.1
Project("{FAE04EC0-301F-11D3-BF4B-00C04F79EFBC}") = "PALENGKE APP", "PALENGKE APP\PALENGKE APP.csproj", "{88B4638F-37F1-4AF2-9277-58C380DF5FF8}"
EndProject
Global
	GlobalSection(SolutionConfigurationPlatforms) = preSolution
		Debug|Any CPU = Debug|Any CPU
		Release|Any CPU = Release|Any CPU
	EndGlobalSection
	GlobalSection(ProjectConfigurationPlatforms) = postSolution
		{88B4638F-37F1-4AF2-9277-58C380DF5FF8}.Debug|Any CPU.ActiveCfg = Debug|Any CPU
		{88B4638F-37F1-4AF2-9277-58C380DF5FF8}.Debug|Any CPU.Build.0 = Debug|Any CPU
		{88B4638F-37F1-4AF2-9277-58C380DF5FF8}.Release|Any CPU.ActiveCfg = Release|Any CPU
		{88B4638F-37F1-4AF2-9277-58C380DF5FF8}.Release|Any CPU.Build.0 = Release|Any CPU
	EndGlobalSection
	GlobalSection(SolutionProperties) = preSolution
		HideSolutionNode = FALSE
	EndGlobalSection
	GlobalSection(ExtensibilityGlobals) = postSolution
		SolutionGuid = {38B3E8FF-9693-45AF-81B7-BD00ECE9E2E6}
	EndGlobalSection
EndGlobal
